
Microsoft Visual Studio Solution File, Format Version 12.00
# Visual Studio Version 16
VisualStudioVersion = 16.0.32929.386
MinimumVisualStudioVersion = 10.0.40219.1
Project("{911E67C6-3D85-4FCE-B560-20A9C3E3FF48}") = "wmplayer", "..\..\..\Program Files (x86)\Windows Media Player\wmplayer.exe", "{DCFE7E78-E961-4E6D-809A-6E0772F3D091}"
	ProjectSection(DebuggerProjectSystem) = preProject
		PortSupplier = 00000000-0000-0000-0000-000000000000
		Executable = C:\Program Files (x86)\Windows Media Player\wmplayer.exe
		RemoteMachine = DESKTOP-ORONLAS
		StartingDirectory = C:\Program Files (x86)\Windows Media Player
		Environment = Default
		LaunchingEngine = 00000000-0000-0000-0000-000000000000
		UseLegacyDebugEngines = No
		LaunchSQLEngine = No
		AttachLaunchAction = No
		IORedirection = Auto
	EndProjectSection
EndProject
Project("{2150E333-8FDC-42A3-9474-1A3956D46DE8}") = "Solution Items", "Solution Items", "{214A36F6-8F04-4C0E-8385-391CB79B12B2}"
	ProjectSection(SolutionItems) = preProject
		psychosis.wms = psychosis.wms
	EndProjectSection
EndProject
Global
	GlobalSection(SolutionConfigurationPlatforms) = preSolution
		Release|x86 = Release|x86
	EndGlobalSection
	GlobalSection(ProjectConfigurationPlatforms) = postSolution
		{DCFE7E78-E961-4E6D-809A-6E0772F3D091}.Release|x86.ActiveCfg = Release|x86
	EndGlobalSection
	GlobalSection(SolutionProperties) = preSolution
		HideSolutionNode = FALSE
	EndGlobalSection
	GlobalSection(ExtensibilityGlobals) = postSolution
		SolutionGuid = {4A7C3285-1F7C-42C2-AD01-858EFC487BB2}
	EndGlobalSection
EndGlobal
